
Microsoft Visual Studio Solution File, Format Version 12.00
# Visual Studio 15
VisualStudioVersion = 15.0.28010.2041
MinimumVisualStudioVersion = 10.0.40219.1
Project("{FAE04EC0-301F-11D3-BF4B-00C04F79EFBC}") = "ConsoleApp1", "ConsoleApp1\ConsoleApp1.csproj", "{C1CF5BE6-EAE8-4E52-84B7-15A2DAC59ED5}"
EndProject
Project("{FAE04EC0-301F-11D3-BF4B-00C04F79EFBC}") = "ClassLibrary1", "ClassLibrary1\ClassLibrary1.csproj", "{90CFF965-812A-412F-BDFD-90DCF734D914}"
EndProject
Global
	GlobalSection(SolutionConfigurationPlatforms) = preSolution
		Debug|Any CPU = Debug|Any CPU
		Release|Any CPU = Release|Any CPU
	EndGlobalSection
	GlobalSection(ProjectConfigurationPlatforms) = postSolution
		{C1CF5BE6-EAE8-4E52-84B7-15A2DAC59ED5}.Debug|Any CPU.ActiveCfg = Debug|Any CPU
		{C1CF5BE6-EAE8-4E52-84B7-15A2DAC59ED5}.Debug|Any CPU.Build.0 = Debug|Any CPU
		{C1CF5BE6-EAE8-4E52-84B7-15A2DAC59ED5}.Release|Any CPU.ActiveCfg = Release|Any CPU
		{C1CF5BE6-EAE8-4E52-84B7-15A2DAC59ED5}.Release|Any CPU.Build.0 = Release|Any CPU
		{90CFF965-812A-412F-BDFD-90DCF734D914}.Debug|Any CPU.ActiveCfg = Debug|Any CPU
		{90CFF965-812A-412F-BDFD-90DCF734D914}.Debug|Any CPU.Build.0 = Debug|Any CPU
		{90CFF965-812A-412F-BDFD-90DCF734D914}.Release|Any CPU.ActiveCfg = Release|Any CPU
		{90CFF965-812A-412F-BDFD-90DCF734D914}.Release|Any CPU.Build.0 = Release|Any CPU
	EndGlobalSection
	GlobalSection(SolutionProperties) = preSolution
		HideSolutionNode = FALSE
	EndGlobalSection
	GlobalSection(ExtensibilityGlobals) = postSolution
		SolutionGuid = {D9059818-E177-4378-B48B-69609CC7F468}
	EndGlobalSection
EndGlobal
